
Microsoft Visual Studio Solution File, Format Version 12.00
# Visual Studio Version 16
VisualStudioVersion = 16.0.30804.86
MinimumVisualStudioVersion = 10.0.40219.1
Project("{9A19103F-16F7-4668-BE54-9A1E7A4F7556}") = "Api", "Api.csproj", "{521D79F6-AE41-442E-AA2D-947C1F09F1DA}"
EndProject
Global
	GlobalSection(SolutionConfigurationPlatforms) = preSolution
		Debug|Any CPU = Debug|Any CPU
		Release|Any CPU = Release|Any CPU
	EndGlobalSection
	GlobalSection(ProjectConfigurationPlatforms) = postSolution
		{521D79F6-AE41-442E-AA2D-947C1F09F1DA}.Debug|Any CPU.ActiveCfg = Debug|Any CPU
		{521D79F6-AE41-442E-AA2D-947C1F09F1DA}.Debug|Any CPU.Build.0 = Debug|Any CPU
		{521D79F6-AE41-442E-AA2D-947C1F09F1DA}.Release|Any CPU.ActiveCfg = Release|Any CPU
		{521D79F6-AE41-442E-AA2D-947C1F09F1DA}.Release|Any CPU.Build.0 = Release|Any CPU
	EndGlobalSection
	GlobalSection(SolutionProperties) = preSolution
		HideSolutionNode = FALSE
	EndGlobalSection
	GlobalSection(ExtensibilityGlobals) = postSolution
		SolutionGuid = {74DD9D29-C417-4FB0-879A-27BF46259D93}
	EndGlobalSection
EndGlobal
